{
    "_meta": {
        "hash": {
            "sha256": "89228cef280af69288af5172b858ffa76dbd9fdd605e65965848f2e3fbe93cf1"
        },
        "pipfile-spec": 6,
        "requires": {
            "python_version": "3.6"
        },
        "sources": [
            {
                "name": "pypi",
                "url": "https://pypi.org/simple",
                "verify_ssl": true
            }
        ]
    },
    "default": {
        "apscheduler": {
            "hashes": [
                "sha256:3bb5229eed6fbbdafc13ce962712ae66e175aa214c69bed35a06bffcf0c5e244",
                "sha256:e8b1ecdb4c7cb2818913f766d5898183c7cb8936680710a4d3a966e02262e526"
            ],
            "index": "pypi",
            "version": "==3.6.3"
        },
        "asgiref": {
            "hashes": [
                "sha256:5ee950735509d04eb673bd7f7120f8fa1c9e2df495394992c73234d526907e17",
                "sha256:7162a3cb30ab0609f1a4c95938fd73e8604f63bdba516a7f7d64b83ff09478f0"
            ],
            "version": "==3.3.1"
        },
        "blis": {
            "hashes": [
                "sha256:00473602629ba69fe6565108e21957e918cb48b59f5bf2f6bfb6e04de42500cb",
                "sha256:03c368c9716ca814c436550a5f1e02ccf74850e613602519e3941d212e5aa177",
                "sha256:135450caabc8aea9bb9250329ebdf7189982d9b57d5c92789b2ba2fe52c247a7",
                "sha256:1402d9cbb0fbc21b749dd5b87d7ee14249e74a0ca38be6ecc56b3b356fca2f21",
                "sha256:26b16d6005bb2671699831b5cc699905215d1abde1ec5c1d04de7dcd9eb29f75",
                "sha256:3347a4b1b7d3ae14476aac9a6f7bf8ebf464863f4ebf4aea228874a7694ea240",
                "sha256:38fe877a4b52e762f5e137a412e3c256545a696a12ae8c40d67b8815d2bb5097",
                "sha256:4fb89c47ee06b58a4410a16fd5794847517262c9d2a342643475b477dfeff0a4",
                "sha256:77a6486b9794af01bcdfd1bc6e067c93add4b93292e6f95bf6e5ce7f98bf0163",
                "sha256:856142a11e37fd2c47c5006a3197e157bb8469a491a73d2d442223dd3279df84",
                "sha256:8aeaf6954351593a1e412f80e398aa51df588d3c0de74b9f3323b694c603381b",
                "sha256:9ede123065f3cacb109967755b3d83d4ca0de90643a9058129a6ab2d4051954f",
                "sha256:d1d59faebc1c94f8f4f77154ef4b9d6d40364b111cf8fde48ee3b524c85f1075",
                "sha256:d69257d317e86f34a7f230a2fd1f021fd2a1b944137f40d8cdbb23bd334cd0c4",
                "sha256:ddd732c5274d1082fa92e2c42317587d5ebabce7741ca98120f69bd45d004b99",
                "sha256:f0b0dad4d6268d9dba0a65a9db12dd7a2d8686b648399e4aa1aec7550697e99e"
            ],
            "version": "==0.4.1"
        },
        "catalogue": {
            "hashes": [
                "sha256:584d78e7f4c3c6e2fd498eb56dfc8ef1f4ff738480237de2ccd26cbe2cf47172",
                "sha256:d74d1d856c6b36a37bf14aa6dbbc27d0582667b7ab979a6108e61a575e8723f5"
            ],
            "version": "==1.0.0"
        },
        "certifi": {
            "hashes": [
                "sha256:1a4995114262bffbc2413b159f2a1a480c969de6e6eb13ee966d470af86af59c",
                "sha256:719a74fb9e33b9bd44cc7f3a8d94bc35e4049deebe19ba7d8e108280cfd59830"
            ],
            "version": "==2020.12.5"
        },
        "chardet": {
            "hashes": [
                "sha256:0d6f53a15db4120f2b08c94f11e7d93d2c911ee118b6b30a04ec3ee8310179fa",
                "sha256:f864054d66fd9118f2e67044ac8981a54775ec5b67aed0441892edb553d21da5"
            ],
            "version": "==4.0.0"
        },
        "cymem": {
            "hashes": [
                "sha256:01d3ea159f7a3f3192b1e800ed8207dac7586794d903a153198b9ea317f144bc",
                "sha256:190e15d9cf2c3bde60ae37bddbae6568a36044dc4a326d84081a5fa08818eee0",
                "sha256:1f0eb9b3d03623dcfc746cf8bff0663b0e347f4aea759965c8932087a0307ee9",
                "sha256:3d48902d7441645835fefc7832df49feb5362c7300d182475b63a01d25ae44ef",
                "sha256:4bd023c2477198b39b660c2a6b0242880649765ecee8461688a57fd4afd2bfc0",
                "sha256:734d82d0d03c2ceb929bc1744c04dbe0a105e68a4947c8406056a36f86c41830",
                "sha256:8ea57e6923f40eb51012352161bb5707c14a5a5ce901ff72021e59df06221655",
                "sha256:9d72d69f7a62a280199c3aa7bc550685c47d6d0689b2d299e6492253b86d2437",
                "sha256:a440d63577fcdc9c528c9cc026b7b4f8648193bac462bc0596c9eac10f9fba62",
                "sha256:ce1e81c1d031f56b67bac2136e73b4512cbc794706cd570178972d54ba6115d8",
                "sha256:d19f68b90411e02ab33b1654118337f96f41c13a3cd00c4f44f7abed2bc712e7",
                "sha256:d307f7f6230d861a938837cae4b855226b6845a21c010242a15e9ce6853856cd",
                "sha256:f2167c9959fcd639b95d51fa5efaa7c61eef8d686cb75a25412a914f428ce980"
            ],
            "version": "==2.0.5"
        },
        "decorator": {
            "hashes": [
                "sha256:41fa54c2a0cc4ba648be4fd43cff00aedf5b9465c9bf18d64325bc225f08f760",
                "sha256:e3a62f0520172440ca0dcc823749319382e377f37f140a0b99ef45fecb84bfe7"
            ],
            "version": "==4.4.2"
        },
        "django": {
            "hashes": [
                "sha256:2f1ba1db8648484dd5c238fb62504777b7ad090c81c5f1fd8d5eb5ec21b5f283",
                "sha256:c91c91a7ad6ef67a874a4f76f58ba534f9208412692a840e1d125eb5c279cb0a"
            ],
            "index": "pypi",
            "version": "==3.0.3"
        },
        "django-apscheduler": {
            "hashes": [
                "sha256:a2530736793064c54b3d5a62fc3844cdc4b0535d8988cd9248375c71441d2152"
            ],
            "index": "pypi",
            "version": "==0.3.0"
        },
        "djangorestframework": {
            "hashes": [
                "sha256:05809fc66e1c997fd9a32ea5730d9f4ba28b109b9da71fccfa5ff241201fd0a4",
                "sha256:e782087823c47a26826ee5b6fa0c542968219263fb3976ec3c31edab23a4001f"
            ],
            "index": "pypi",
            "version": "==3.11.0"
        },
        "en-core-web-sm": {
            "file": "https://github.com/explosion/spacy-models/releases/download/en_core_web_sm-2.2.5/en_core_web_sm-2.2.5.tar.gz"
        },
        "gensim": {
            "hashes": [
                "sha256:10d0a01a541aa9810add46fe2ccb043a86d99f5075f8dc35466f65949adcb64c",
                "sha256:11c01f38a77579b4fda635b92f1231b2986d9fefff44af401c2d106901b9342a",
                "sha256:1a302a0829eaa023fa6e91e3b489e5b6173127124f2bfbdfa4118b75bd402264",
                "sha256:1b747baf65b51e101db5b4b8eb84ac2c400ab81c3fb0758ff5f879693e936ce3",
                "sha256:1cfd541f4a8651d5d24f61b35a263573bb3464f1d72d12366c4ab15931c81fad",
                "sha256:267983deeb6969a43f7366a188c4f5f2942a49271b7dbdfc07066707fb2029e2",
                "sha256:33277fc0a8d7b0c7ce70fcc74bb82ad39f944c009b334856c6e86bf552b1dfdc",
                "sha256:36518200175c708e762f5763f34b1e5a6b64e7844f2c172afd480231361192fd",
                "sha256:458c2dea186e7e35fa417b13060c4c5ce63e90c36240c745574a95c2b02c425b",
                "sha256:498bc173df0cebb430e01d9860d8cb9a1d4724537da3b3b1b6ec371ddd86794e",
                "sha256:4e5344a07e6646198669befb3f6d3d25209693a904863293da2b0233c5526686",
                "sha256:56fc56f1b8044f33c29ab3f5416d05a1655223a7654cc0887e4e0a17f50e6006",
                "sha256:58f28f6dd25cb4f83ace8b6be1e132d56acfd60b823241e84bb8cba2e9676a39",
                "sha256:6c7065de589edd53cd42f4e5bbae8a821d285c75f12412ee0e32c972f14672c1",
                "sha256:734c8fcd65068f06c1da37beeec7b22a9380faa63a307a99b0bb109560e05e47",
                "sha256:afca1f0081b5e1ce3f07d7ac540196c1af81b9d0513fbd8c4744cc7910922e09",
                "sha256:b08c526ce5dabceb042499c7711e229fb3d2874f69a83dbcab77a35bedac8552",
                "sha256:ba19d8021554c773420321cc0b1ad5ed1f0cd5d14c08a24631263f23d6e8c14e",
                "sha256:bd0e40149a6f07961123f8770b68050366b6772f38521c75a9d0b03242cb9fde",
                "sha256:d3b3cb01e4e997731c41944ffbfce2af67585c6a60fd4fc4a02909dff77021aa",
                "sha256:d9f13b7f0c425b632f18b0b7c87551a0e0d87695506e63153b442e137a4a69fd",
                "sha256:db3b8cfc03e9b7e4c93ea2221cb82d9719fcc3cd16201191f45f12e3c9b0f206",
                "sha256:ef51a5aada90ce0f8f13be750e8d8460bd33e2793c2e74bb453fb1ce7b7ba79d"
            ],
            "index": "pypi",
            "version": "==3.8.1"
        },
        "graphviz": {
            "hashes": [
                "sha256:3cad5517c961090dfc679df6402a57de62d97703e2880a1a46147bb0dc1639eb",
                "sha256:d2d25af1c199cad567ce4806f0449cb74eb30cf451fd7597251e1da099ac6e57"
            ],
            "version": "==0.16"
        },
        "idna": {
            "hashes": [
                "sha256:b307872f855b18632ce0c21c5e45be78c0ea7ae4c15c828c20788b26921eb3f6",
                "sha256:b97d804b1e9b523befed77c48dacec60e6dcb0b5391d57af6a65a312a90648c0"
            ],
            "version": "==2.10"
        },
        "importlib-metadata": {
            "hashes": [
                "sha256:5c5a2720817414a6c41f0a49993908068243ae02c1635a228126519b509c8aed",
                "sha256:bf792d480abbd5eda85794e4afb09dd538393f7d6e6ffef6e9f03d2014cf9450"
            ],
            "markers": "python_version < '3.8'",
            "version": "==3.3.0"
        },
        "joblib": {
            "hashes": [
                "sha256:75ead23f13484a2a414874779d69ade40d4fa1abe62b222a23cd50d4bc822f6f",
                "sha256:7ad866067ac1fdec27d51c8678ea760601b70e32ff1881d4dc8e1171f2b64b24"
            ],
            "version": "==1.0.0"
        },
        "lxml": {
            "hashes": [
                "sha256:0448576c148c129594d890265b1a83b9cd76fd1f0a6a04620753d9a6bcfd0a4d",
                "sha256:127f76864468d6630e1b453d3ffbbd04b024c674f55cf0a30dc2595137892d37",
                "sha256:1471cee35eba321827d7d53d104e7b8c593ea3ad376aa2df89533ce8e1b24a01",
                "sha256:2363c35637d2d9d6f26f60a208819e7eafc4305ce39dc1d5005eccc4593331c2",
                "sha256:2e5cc908fe43fe1aa299e58046ad66981131a66aea3129aac7770c37f590a644",
                "sha256:2e6fd1b8acd005bd71e6c94f30c055594bbd0aa02ef51a22bbfa961ab63b2d75",
                "sha256:366cb750140f221523fa062d641393092813b81e15d0e25d9f7c6025f910ee80",
                "sha256:42ebca24ba2a21065fb546f3e6bd0c58c3fe9ac298f3a320147029a4850f51a2",
                "sha256:4e751e77006da34643ab782e4a5cc21ea7b755551db202bc4d3a423b307db780",
                "sha256:4fb85c447e288df535b17ebdebf0ec1cf3a3f1a8eba7e79169f4f37af43c6b98",
                "sha256:50c348995b47b5a4e330362cf39fc503b4a43b14a91c34c83b955e1805c8e308",
                "sha256:535332fe9d00c3cd455bd3dd7d4bacab86e2d564bdf7606079160fa6251caacf",
                "sha256:535f067002b0fd1a4e5296a8f1bf88193080ff992a195e66964ef2a6cfec5388",
                "sha256:5be4a2e212bb6aa045e37f7d48e3e1e4b6fd259882ed5a00786f82e8c37ce77d",
                "sha256:60a20bfc3bd234d54d49c388950195d23a5583d4108e1a1d47c9eef8d8c042b3",
                "sha256:648914abafe67f11be7d93c1a546068f8eff3c5fa938e1f94509e4a5d682b2d8",
                "sha256:681d75e1a38a69f1e64ab82fe4b1ed3fd758717bed735fb9aeaa124143f051af",
                "sha256:68a5d77e440df94011214b7db907ec8f19e439507a70c958f750c18d88f995d2",
                "sha256:69a63f83e88138ab7642d8f61418cf3180a4d8cd13995df87725cb8b893e950e",
                "sha256:6e4183800f16f3679076dfa8abf2db3083919d7e30764a069fb66b2b9eff9939",
                "sha256:6fd8d5903c2e53f49e99359b063df27fdf7acb89a52b6a12494208bf61345a03",
                "sha256:791394449e98243839fa822a637177dd42a95f4883ad3dec2a0ce6ac99fb0a9d",
                "sha256:7a7669ff50f41225ca5d6ee0a1ec8413f3a0d8aa2b109f86d540887b7ec0d72a",
                "sha256:7e9eac1e526386df7c70ef253b792a0a12dd86d833b1d329e038c7a235dfceb5",
                "sha256:7ee8af0b9f7de635c61cdd5b8534b76c52cd03536f29f51151b377f76e214a1a",
                "sha256:8246f30ca34dc712ab07e51dc34fea883c00b7ccb0e614651e49da2c49a30711",
                "sha256:8c88b599e226994ad4db29d93bc149aa1aff3dc3a4355dd5757569ba78632bdf",
                "sha256:923963e989ffbceaa210ac37afc9b906acebe945d2723e9679b643513837b089",
                "sha256:94d55bd03d8671686e3f012577d9caa5421a07286dd351dfef64791cf7c6c505",
                "sha256:97db258793d193c7b62d4e2586c6ed98d51086e93f9a3af2b2034af01450a74b",
                "sha256:a9d6bc8642e2c67db33f1247a77c53476f3a166e09067c0474facb045756087f",
                "sha256:cd11c7e8d21af997ee8079037fff88f16fda188a9776eb4b81c7e4c9c0a7d7fc",
                "sha256:d8d3d4713f0c28bdc6c806a278d998546e8efc3498949e3ace6e117462ac0a5e",
                "sha256:e0bfe9bb028974a481410432dbe1b182e8191d5d40382e5b8ff39cdd2e5c5931",
                "sha256:f4822c0660c3754f1a41a655e37cb4dbbc9be3d35b125a37fab6f82d47674ebc",
                "sha256:f83d281bb2a6217cd806f4cf0ddded436790e66f393e124dfe9731f6b3fb9afe",
                "sha256:fc37870d6716b137e80d19241d0e2cff7a7643b925dfa49b4c8ebd1295eb506e"
            ],
            "index": "pypi",
            "version": "==4.6.2"
        },
        "murmurhash": {
            "hashes": [
                "sha256:023391cfefe584ac544c1ea0936976c0119b17dd27bb8280652cef1704f76428",
                "sha256:23c56182822a1ed88e2a098ac56958dfec380696a9a943df203b9b41e4bcf5e4",
                "sha256:76251513a2acad6c2e4b7aeffc5fcb807ee97a66cad5c2990557556555a6b7e9",
                "sha256:81474a45c4074637a6dfc8fea4cdebf091ab5aa781c2cfcb94c43b16030badd7",
                "sha256:8381172e03c5f6f947005fb146a53c5e5a9e0d630be4a40cbf8838e9324bfe1c",
                "sha256:892749023da26420d194f37bfa30df1368aaac0149cfa3b2105db36b66549e37",
                "sha256:98ec9d727bd998a35385abd56b062cf0cca216725ea7ec5068604ab566f7e97f",
                "sha256:99e55488476a5f70e8d305fd31258f140e52f724f788bcc50c31ec846a2b3766",
                "sha256:a9bd2312996e6e47605af305a1e5f091eba1bdd637cdd9986aec4885cb4c5530",
                "sha256:add366944eb8ec73013a4f36e166c5a4f0f7628ffe1746bc5fe031347489e5e8",
                "sha256:b9292c532538cf47846ca81056cfeab08b877c35fe7521d6524aa92ddcd833e2",
                "sha256:d4c3a0242014cf4c84e9ea0ba3f13b48f02a3992de3da7b1116d11b816451195",
                "sha256:d58315961dc5a5e740f41f2ac5c3a0ebc61ef472f8afeb4db7eeb3b863243105",
                "sha256:ef8819d15973e0d6f69688bafc097a1fae081675c1de39807028869a1320b1a9",
                "sha256:f00321998f0a6bad3fd068babf448a296d4b0b1f4dd424cab863ebe5ed54182f",
                "sha256:fd17973fd4554715efd8d86b3e9200358e49e437fdb92a897ca127aced48b61c",
                "sha256:fed7578fbaa6c301f27ed80834c1f7494ea7d335e269e98b9aee477cf0b3b487"
            ],
            "version": "==1.0.5"
        },
        "networkx": {
            "hashes": [
                "sha256:7978955423fbc9639c10498878be59caf99b44dc304c2286162fd24b458c1602",
                "sha256:8c5812e9f798d37c50570d15c4a69d5710a18d77bafc903ee9c5fba7454c616c"
            ],
            "version": "==2.5"
        },
        "numpy": {
            "hashes": [
                "sha256:012426a41bc9ab63bb158635aecccc7610e3eff5d31d1eb43bc099debc979d94",
                "sha256:06fab248a088e439402141ea04f0fffb203723148f6ee791e9c75b3e9e82f080",
                "sha256:0eef32ca3132a48e43f6a0f5a82cb508f22ce5a3d6f67a8329c81c8e226d3f6e",
                "sha256:1ded4fce9cfaaf24e7a0ab51b7a87be9038ea1ace7f34b841fe3b6894c721d1c",
                "sha256:2e55195bc1c6b705bfd8ad6f288b38b11b1af32f3c8289d6c50d47f950c12e76",
                "sha256:2ea52bd92ab9f768cc64a4c3ef8f4b2580a17af0a5436f6126b08efbd1838371",
                "sha256:36674959eed6957e61f11c912f71e78857a8d0604171dfd9ce9ad5cbf41c511c",
                "sha256:384ec0463d1c2671170901994aeb6dce126de0a95ccc3976c43b0038a37329c2",
                "sha256:39b70c19ec771805081578cc936bbe95336798b7edf4732ed102e7a43ec5c07a",
                "sha256:400580cbd3cff6ffa6293df2278c75aef2d58d8d93d3c5614cd67981dae68ceb",
                "sha256:43d4c81d5ffdff6bae58d66a3cd7f54a7acd9a0e7b18d97abb255defc09e3140",
                "sha256:50a4a0ad0111cc1b71fa32dedd05fa239f7fb5a43a40663269bb5dc7877cfd28",
                "sha256:603aa0706be710eea8884af807b1b3bc9fb2e49b9f4da439e76000f3b3c6ff0f",
                "sha256:6149a185cece5ee78d1d196938b2a8f9d09f5a5ebfbba66969302a778d5ddd1d",
                "sha256:759e4095edc3c1b3ac031f34d9459fa781777a93ccc633a472a5468587a190ff",
                "sha256:7fb43004bce0ca31d8f13a6eb5e943fa73371381e53f7074ed21a4cb786c32f8",
                "sha256:811daee36a58dc79cf3d8bdd4a490e4277d0e4b7d103a001a4e73ddb48e7e6aa",
                "sha256:8b5e972b43c8fc27d56550b4120fe6257fdc15f9301914380b27f74856299fea",
                "sha256:99abf4f353c3d1a0c7a5f27699482c987cf663b1eac20db59b8c7b061eabd7fc",
                "sha256:a0d53e51a6cb6f0d9082decb7a4cb6dfb33055308c4c44f53103c073f649af73",
                "sha256:a12ff4c8ddfee61f90a1633a4c4afd3f7bcb32b11c52026c92a12e1325922d0d",
                "sha256:a4646724fba402aa7504cd48b4b50e783296b5e10a524c7a6da62e4a8ac9698d",
                "sha256:a76f502430dd98d7546e1ea2250a7360c065a5fdea52b2dffe8ae7180909b6f4",
                "sha256:a9d17f2be3b427fbb2bce61e596cf555d6f8a56c222bd2ca148baeeb5e5c783c",
                "sha256:ab83f24d5c52d60dbc8cd0528759532736b56db58adaa7b5f1f76ad551416a1e",
                "sha256:aeb9ed923be74e659984e321f609b9ba54a48354bfd168d21a2b072ed1e833ea",
                "sha256:c843b3f50d1ab7361ca4f0b3639bf691569493a56808a0b0c54a051d260b7dbd",
                "sha256:cae865b1cae1ec2663d8ea56ef6ff185bad091a5e33ebbadd98de2cfa3fa668f",
                "sha256:cc6bd4fd593cb261332568485e20a0712883cf631f6f5e8e86a52caa8b2b50ff",
                "sha256:cf2402002d3d9f91c8b01e66fbb436a4ed01c6498fffed0e4c7566da1d40ee1e",
                "sha256:d051ec1c64b85ecc69531e1137bb9751c6830772ee5c1c426dbcfe98ef5788d7",
                "sha256:d6631f2e867676b13026e2846180e2c13c1e11289d67da08d71cacb2cd93d4aa",
                "sha256:dbd18bcf4889b720ba13a27ec2f2aac1981bd41203b3a3b27ba7a33f88ae4827",
                "sha256:df609c82f18c5b9f6cb97271f03315ff0dbe481a2a02e56aeb1b1a985ce38e60"
            ],
            "version": "==1.19.5"
        },
        "pandas": {
            "hashes": [
                "sha256:18bbce2e69855d42397486ee0bb79cb0e4c94af6679fd9392e32ffdb7fcfade0",
                "sha256:35d07389efaf3c478d93725a226941c7fc14714814ba77d6d43b2c9e63ef4af5",
                "sha256:3ea6cc86931f57f18b1240572216f09922d91b19ab8a01cf24734394a3db3bec",
                "sha256:46b0a146e4ba744e350847244767ef297950e9ce02424734b2dd0befd77d9aff",
                "sha256:66c1a49b47c0953dbc6864a6d2578c4c24610f6bb8e4ab165d49b8371aa7745f",
                "sha256:6d5c2d2a3e42100700bac7fe762c17ba0a04d0355feac04bce74a1aa6c8be164",
                "sha256:ab1aa2c50b7c6ba0eccebb146b4d80ed7f5804897b8d54ccddbe49f28c881a94",
                "sha256:ae1ec10e34d22b0f699e38f346381630cae89d5050a2a61315a2be09e3435f99",
                "sha256:b578df33338a09707bfe3e3939c9d46700948133bf829357c3c46795055c9376",
                "sha256:bad77cf498362590ef3a30bc9e769f4fe4399d853861a1ddbefeea8cbf39906c",
                "sha256:c36e4d44d34eaa503776a8fb57ba1305e680e178458c050c2fd8de67604fa209",
                "sha256:d76a8ec22adf0323d362dac8c900b2c66e06eab984ecf04ef072866d8ab6c538",
                "sha256:e8be4f6da608930c0d565240bfbe04fc6f5764d6a9214b02c6231cd5e223591d",
                "sha256:f66c63f357ac31c913f4917f55348ce99c639031567c3284f01dff605da58264"
            ],
            "index": "pypi",
            "version": "==1.0.0"
        },
        "plac": {
            "hashes": [
                "sha256:398cb947c60c4c25e275e1f1dadf027e7096858fb260b8ece3b33bcff90d985f",
                "sha256:487e553017d419f35add346c4c09707e52fa53f7e7181ce1098ca27620e9ceee"
            ],
            "version": "==1.1.3"
        },
        "preshed": {
            "hashes": [
                "sha256:12cbe1e378b4f1c6b06f5e4130408befe916e55ea1616e6aa63c5cd0ccd9c927",
                "sha256:1bdededa7fd81f26a42bc9d11d542657c74746b7ea7fc2b2ca6d0ddbf1f93792",
                "sha256:1ce0846cb7ebb2ea913d44ec2e296098c285443ecdea80ddf02656bbef4deacb",
                "sha256:30f0c8ea85113d0565a1e3eb6222d00513ec39b56f3f9a2615e304575e65422e",
                "sha256:56b9603517bb2a364418163236d6a147a1d722ff7546cbe085e76e25ae118e89",
                "sha256:572899224578d30f6a67fadecb3d62b824866b4d2b6bad73f71abf7585db1389",
                "sha256:5e06a49477bd257eea02bf823b5d3e201d00a19d6976523a58da8606b2358481",
                "sha256:67c11e384ce4c008bc487ba3a29bafdfe038b9a2546ccfe0fe2160480b356fed",
                "sha256:6e833f1632a1d0232bdc6df6c3542fb130ef044d8656b24576d9fd19e5f1e0d1",
                "sha256:6f126bcc414a0304b54956f9dac2628a0f9bef1657d1b3a3837fc82b791aa2a1",
                "sha256:85074eebf90a858a6b68242f1ae265ca99e1af45bf9dafcb9a83d49b0815a2e1",
                "sha256:8a3adffde3126c2a0ab7d57cab1d605cb5f63da1ba88088ad3cf8debfd9aa4dc",
                "sha256:8a560850b8c53c1487ba51c2b0f5769535512b36d3b129ad5796b64653abe2f9",
                "sha256:9ebf444f8487782c84d7b5acb1d7195e603155882fafc4697344199eeeafbe5f",
                "sha256:c6d3dba39ed5059aaf99767017b9568c75b2d0780c3481e204b1daecde00360e",
                "sha256:ca4a7681b643b8356e7dfdab9cf668b2b34bd07ef4b09ebed44c8aeb3b1626ee",
                "sha256:fb4d2e82add82d63b2c97802b759a58ff200d06b632e2edc48a9ced1e6472faf"
            ],
            "version": "==3.0.5"
        },
        "psycopg2-binary": {
            "hashes": [
                "sha256:040234f8a4a8dfd692662a8308d78f63f31a97e1c42d2480e5e6810c48966a29",
                "sha256:086f7e89ec85a6704db51f68f0dcae432eff9300809723a6e8782c41c2f48e03",
                "sha256:18ca813fdb17bc1db73fe61b196b05dd1ca2165b884dd5ec5568877cabf9b039",
                "sha256:19dc39616850342a2a6db70559af55b22955f86667b5f652f40c0e99253d9881",
                "sha256:2166e770cb98f02ed5ee2b0b569d40db26788e0bf2ec3ae1a0d864ea6f1d8309",
                "sha256:3a2522b1d9178575acee4adf8fd9f979f9c0449b00b4164bb63c3475ea6528ed",
                "sha256:3aa773580f85a28ffdf6f862e59cb5a3cc7ef6885121f2de3fca8d6ada4dbf3b",
                "sha256:3b5deaa3ee7180585a296af33e14c9b18c218d148e735c7accf78130765a47e3",
                "sha256:407af6d7e46593415f216c7f56ba087a9a42bd6dc2ecb86028760aa45b802bd7",
                "sha256:4c3c09fb674401f630626310bcaf6cd6285daf0d5e4c26d6e55ca26a2734e39b",
                "sha256:4c6717962247445b4f9e21c962ea61d2e884fc17df5ddf5e35863b016f8a1f03",
                "sha256:50446fae5681fc99f87e505d4e77c9407e683ab60c555ec302f9ac9bffa61103",
                "sha256:5057669b6a66aa9ca118a2a860159f0ee3acf837eda937bdd2a64f3431361a2d",
                "sha256:5dd90c5438b4f935c9d01fcbad3620253da89d19c1f5fca9158646407ed7df35",
                "sha256:659c815b5b8e2a55193ede2795c1e2349b8011497310bb936da7d4745652823b",
                "sha256:69b13fdf12878b10dc6003acc8d0abf3ad93e79813fd5f3812497c1c9fb9be49",
                "sha256:7a1cb80e35e1ccea3e11a48afe65d38744a0e0bde88795cc56a4d05b6e4f9d70",
                "sha256:7e6e3c52e6732c219c07bd97fff6c088f8df4dae3b79752ee3a817e6f32e177e",
                "sha256:7f42a8490c4fe854325504ce7a6e4796b207960dabb2cbafe3c3959cb00d1d7e",
                "sha256:84156313f258eafff716b2961644a4483a9be44a5d43551d554844d15d4d224e",
                "sha256:8578d6b8192e4c805e85f187bc530d0f52ba86c39172e61cd51f68fddd648103",
                "sha256:890167d5091279a27e2505ff0e1fb273f8c48c41d35c5b92adbf4af80e6b2ed6",
                "sha256:98e10634792ac0e9e7a92a76b4991b44c2325d3e7798270a808407355e7bb0a1",
                "sha256:9aadff9032e967865f9778485571e93908d27dab21d0fdfdec0ca779bb6f8ad9",
                "sha256:9f24f383a298a0c0f9b3113b982e21751a8ecde6615494a3f1470eb4a9d70e9e",
                "sha256:a73021b44813b5c84eda4a3af5826dd72356a900bac9bd9dd1f0f81ee1c22c2f",
                "sha256:afd96845e12638d2c44d213d4810a08f4dc4a563f9a98204b7428e567014b1cd",
                "sha256:b73ddf033d8cd4cc9dfed6324b1ad2a89ba52c410ef6877998422fcb9c23e3a8",
                "sha256:b8f490f5fad1767a1331df1259763b3bad7d7af12a75b950c2843ba319b2415f",
                "sha256:dbc5cd56fff1a6152ca59445178652756f4e509f672e49ccdf3d79c1043113a4",
                "sha256:eac8a3499754790187bb00574ab980df13e754777d346f85e0ff6df929bcd964",
                "sha256:eaed1c65f461a959284649e37b5051224f4db6ebdc84e40b5e65f2986f101a08"
            ],
            "index": "pypi",
            "version": "==2.8.4"
        },
        "pytextrank": {
            "hashes": [
                "sha256:094a6389c0ec8c4821af2bf33e53039362e209fa8a393d4031a906dadafa88c0",
                "sha256:1d47067f037d1f7e146f70c877d793aacc0d16747ede89e8e254df42437dd9cb"
            ],
            "index": "pypi",
            "version": "==2.0.0"
        },
        "python-dateutil": {
            "hashes": [
                "sha256:73ebfe9dbf22e832286dafa60473e4cd239f8592f699aa5adaf10050e6e1823c",
                "sha256:75bb3f31ea686f1197762692a9ee6a7550b59fc6ca3a1f4b5d7e32fb98e2da2a"
            ],
            "version": "==2.8.1"
        },
        "pytz": {
            "hashes": [
                "sha256:16962c5fb8db4a8f63a26646d8886e9d769b6c511543557bc84e9569fb9a9cb4",
                "sha256:180befebb1927b16f6b57101720075a984c019ac16b1b7575673bea42c6c3da5"
            ],
            "version": "==2020.5"
        },
        "pyyaml": {
            "hashes": [
                "sha256:059b2ee3194d718896c0ad077dd8c043e5e909d9180f387ce42012662a4946d6",
                "sha256:1cf708e2ac57f3aabc87405f04b86354f66799c8e62c28c5fc5f88b5521b2dbf",
                "sha256:24521fa2890642614558b492b473bee0ac1f8057a7263156b02e8b14c88ce6f5",
                "sha256:4fee71aa5bc6ed9d5f116327c04273e25ae31a3020386916905767ec4fc5317e",
                "sha256:70024e02197337533eef7b85b068212420f950319cc8c580261963aefc75f811",
                "sha256:74782fbd4d4f87ff04159e986886931456a1894c61229be9eaf4de6f6e44b99e",
                "sha256:940532b111b1952befd7db542c370887a8611660d2b9becff75d39355303d82d",
                "sha256:cb1f2f5e426dc9f07a7681419fe39cee823bb74f723f36f70399123f439e9b20",
                "sha256:dbbb2379c19ed6042e8f11f2a2c66d39cceb8aeace421bfc29d085d93eda3689",
                "sha256:e3a057b7a64f1222b56e47bcff5e4b94c4f61faac04c7c4ecb1985e18caa3994",
                "sha256:e9f45bd5b92c7974e59bcd2dcc8631a6b6cc380a904725fce7bc08872e691615"
            ],
            "index": "pypi",
            "version": "==5.3"
        },
        "requests": {
            "hashes": [
                "sha256:27973dd4a904a4f13b263a19c866c13b92a39ed1c964655f025f3f8d3d75b804",
                "sha256:c210084e36a42ae6b9219e00e48287def368a26d03a048ddad7bfee44f75871e"
            ],
            "version": "==2.25.1"
        },
        "scikit-learn": {
            "hashes": [
                "sha256:076369634ee72b5a5941440661e2f306ff4ac30903802dc52031c7e9199ac640",
                "sha256:18f7131e62265bf2691ed1d0303c640313894ccfe4278427478c6b2f45094b53",
                "sha256:26f66b3726b54dfb76ea51c5d9c2431ed17ebc066cb4527662b9e851a3e7ba61",
                "sha256:2951f87d35e72f007701c6e028aa230f6df6212a3194677c0c950486066a454d",
                "sha256:2a5348585aa793bc8cc5a72f8e9067c9380834b0aadbd55f924843b071f13282",
                "sha256:3eeff086f7329521d27249a082ea3c48c085cedb110db5f65968ab55c3ba2e09",
                "sha256:4395e91b3548005f4a645018435b5a94f8cce232b5b70753020e606c6a750656",
                "sha256:44e452ea8491225c5783d49577aad0f36202dfd52aec7f82c0fdfe5fbd5f7400",
                "sha256:490436b44b3a1957cb625e871764b0aa330b34cc416aea4abc6c38ca63d0d682",
                "sha256:5e6e3c042cea83f2e20a45e563b8eabc1f8f72446251fe23ebefdf111a173a33",
                "sha256:66f27bf21202a850bcd7b6303916e4907f6e22ec59a14974ede4955aed5c7ed0",
                "sha256:743b6edd98c98991be46c08e6b21df3861d5ae915f91d59f988384d93f7263e7",
                "sha256:758619e49cd7c17282e6cc60d5cc73c02c072b47c9a10010bb3bb47e0d976e50",
                "sha256:7f654befc5ad413690cc58f3f34a3e906caf825195ce0fda00a8e9565e1403e6",
                "sha256:800aaf63f8838c00e85db2267dd226f89858594843fd03932a9eda95746d2c40",
                "sha256:80ca024154b84b6ac4cfc86930ba13fdc348a209753bf2c16129db6f9eb8a80b",
                "sha256:890d7d588f65acb0c4f6c083347c9076916bda5e6bd8400f06244b1afc1009af",
                "sha256:905d8934d1e27a686698864a5863ff2c0e13a2ae1adb78a8a848aacc8a49927d",
                "sha256:afeb06dc69847927634e58579b9cdc72e1390b79497336b2324b1b173f33bd47",
                "sha256:b0d13fd56d26cf3de0314a4fd48037108c638fe126d813f5c1222bb0f08b6a76",
                "sha256:c08b27cb78ee8d2dc781a7affed09859441f5b624f9f92da59ac0791c8774dfc",
                "sha256:c912247e42114f389858ae05d63f4359d4e667ea72aaabee191aee9ad3f9774a",
                "sha256:d7fe05fcb44eadd6d6c874c768f085f5de1239db3a3b7be4d3d23d12e4120589",
                "sha256:d819d625832fb2969911a243e009cfa135cb8ef1e150866e417d6e9d75290087",
                "sha256:e534f5f3796db6781c87e9835dcd51b7854c8c5a379c9210b93605965c1941fd"
            ],
            "version": "==0.24.0"
        },
        "scipy": {
            "hashes": [
                "sha256:168c45c0c32e23f613db7c9e4e780bc61982d71dcd406ead746c7c7c2f2004ce",
                "sha256:213bc59191da2f479984ad4ec39406bf949a99aba70e9237b916ce7547b6ef42",
                "sha256:25b241034215247481f53355e05f9e25462682b13bd9191359075682adcd9554",
                "sha256:2c872de0c69ed20fb1a9b9cf6f77298b04a26f0b8720a5457be08be254366c6e",
                "sha256:3397c129b479846d7eaa18f999369a24322d008fac0782e7828fa567358c36ce",
                "sha256:368c0f69f93186309e1b4beb8e26d51dd6f5010b79264c0f1e9ca00cd92ea8c9",
                "sha256:3d5db5d815370c28d938cf9b0809dade4acf7aba57eaf7ef733bfedc9b2474c4",
                "sha256:4598cf03136067000855d6b44d7a1f4f46994164bcd450fb2c3d481afc25dd06",
                "sha256:4a453d5e5689de62e5d38edf40af3f17560bfd63c9c5bd228c18c1f99afa155b",
                "sha256:4f12d13ffbc16e988fa40809cbbd7a8b45bc05ff6ea0ba8e3e41f6f4db3a9e47",
                "sha256:634568a3018bc16a83cda28d4f7aed0d803dd5618facb36e977e53b2df868443",
                "sha256:65923bc3809524e46fb7eb4d6346552cbb6a1ffc41be748535aa502a2e3d3389",
                "sha256:6b0ceb23560f46dd236a8ad4378fc40bad1783e997604ba845e131d6c680963e",
                "sha256:8c8d6ca19c8497344b810b0b0344f8375af5f6bb9c98bd42e33f747417ab3f57",
                "sha256:9ad4fcddcbf5dc67619379782e6aeef41218a79e17979aaed01ed099876c0e62",
                "sha256:a254b98dbcc744c723a838c03b74a8a34c0558c9ac5c86d5561703362231107d",
                "sha256:b03c4338d6d3d299e8ca494194c0ae4f611548da59e3c038813f1a43976cb437",
                "sha256:cc1f78ebc982cd0602c9a7615d878396bec94908db67d4ecddca864d049112f2",
                "sha256:d6d25c41a009e3c6b7e757338948d0076ee1dd1770d1c09ec131f11946883c54",
                "sha256:d84cadd7d7998433334c99fa55bcba0d8b4aeff0edb123b2a1dfcface538e474",
                "sha256:e360cb2299028d0b0d0f65a5c5e51fc16a335f1603aa2357c25766c8dab56938",
                "sha256:e98d49a5717369d8241d6cf33ecb0ca72deee392414118198a8e5b4c35c56340",
                "sha256:ed572470af2438b526ea574ff8f05e7f39b44ac37f712105e57fc4d53a6fb660",
                "sha256:f87b39f4d69cf7d7529d7b1098cb712033b17ea7714aed831b95628f483fd012",
                "sha256:fa789583fc94a7689b45834453fec095245c7e69c58561dc159b5d5277057e4c"
            ],
            "version": "==1.5.4"
        },
        "six": {
            "hashes": [
                "sha256:30639c035cdb23534cd4aa2dd52c3bf48f06e5f4a941509c8bafd8ce11080259",
                "sha256:8b74bedcbbbaca38ff6d7491d76f2b06b3592611af620f8426e82dddb04a5ced"
            ],
            "version": "==1.15.0"
        },
        "sklearn": {
            "hashes": [
                "sha256:e23001573aa194b834122d2b9562459bf5ae494a2d59ca6b8aa22c85a44c0e31"
            ],
            "index": "pypi",
            "version": "==0.0"
        },
        "smart-open": {
            "hashes": [
                "sha256:26af5c1a3f2b76aab8c3200310f0fc783790ec5a231ffeec102e620acdd6262e"
            ],
            "version": "==4.1.0"
        },
        "spacy": {
            "hashes": [
                "sha256:1d14c9e7d65b2cecd56c566d9ffac8adbcb9ce2cff2274cbfdcf5468cd940e6a",
                "sha256:2cb77315522cc422df7750dac778f13d8079f409b4842cf74a54ffe3b84ee5c6",
                "sha256:3c83c061597b5dc94c939c511d3b72c2971257204f21976afc117a350e8fa92b",
                "sha256:6971359e43841ff9ed87e1af5e87ea74d6fdb01fe54807d3e4c6a2a3798d18a4",
                "sha256:708d25c7212bd20d1268c6559e191d221e88e68e152fb98b82c388d16dfdd3d7",
                "sha256:713811c96396c6bb86a1da2bbbe02d874385e74dde6617a84d61d99e9d2b1105",
                "sha256:7fa02ababbb3762277b81873204d78583008b408ddf6fc0ef977b38d3b462b85",
                "sha256:8d1ce99fc30d634b63b15d98c49b96d6a40b0d2048d5dad0f2bb31d3f6dc5ef0",
                "sha256:9afdec1aeb21dbeccfd4d702f12fe8bab88e4d7cd410785bf17f6b186cbc73e8",
                "sha256:ce7fad73de7aed7ca2ee7c2404c77c72005f67ca95edae6f19f08947fb0f8ab3",
                "sha256:d6a2804c457ce74f0d3bf1f4cdb00cbcd228e9da5f0bdbbbe0a856afe12db37e",
                "sha256:d8791f5f69800d702b8e9457418af2cd29789b82697d17ad66df98922f081d1b"
            ],
            "index": "pypi",
            "version": "==2.2.3"
        },
        "sqlparse": {
            "hashes": [
                "sha256:017cde379adbd6a1f15a61873f43e8274179378e95ef3fede90b5aa64d304ed0",
                "sha256:0f91fd2e829c44362cbcfab3e9ae12e22badaa8a29ad5ff599f9ec109f0454e8"
            ],
            "version": "==0.4.1"
        },
        "srsly": {
            "hashes": [
                "sha256:11447f8e659e1f62f29302252fb057f179031457b36c83426027182f624fe565",
                "sha256:23c7205b8c1cac49a03521bee37f0afe3680d9f0ec18c75ab3ac39bd3e15272b",
                "sha256:2615b8713dfe793ca57925076b0869385d56754816b1eaee5490a6827a1cb5c7",
                "sha256:334f29435099e644a8047b63d60b8386a98b5f7b4739f7efc86b46ca0200aa0e",
                "sha256:4c43a1f28e555891a1e65650adea2c5d0f0fe4b3d63821de65c8357f32c3a11c",
                "sha256:779ebfaa3cf1d5c0f1286ac1baf06af5f2a17bb103622992c71acc6ac20b2781",
                "sha256:8fc4c0641537262e15c7b5b57edc47487b15ac47b696adcb81e0a770ef78e8f5",
                "sha256:a1449da4195e30a3bd1fd3122e5b1a0c57703843c590643555c412fc87132aa0",
                "sha256:a2746afccfd4f51f0793cccc2b6d5e8a564c962870feec5c77408244c1dbb3c5",
                "sha256:a696e9c925e91f76ec53840c55483a4fbf76cb717424410a4f249d4805439038",
                "sha256:b5b887328ac6e210842560fcf32a29c2a9c1ed38c6d47479cadc03d81940da8c",
                "sha256:d3dd796372367c71946d0cd6f734e49db3d99dd13a57bdac937d9eb62689fc9e",
                "sha256:fd5e1e01f5fd0f532a6f3977bb74facc42f1b7155402ee3d06c07a73e83e3c47"
            ],
            "version": "==1.0.5"
        },
        "thinc": {
            "hashes": [
                "sha256:1dbaec0628040a1f8d66147fadbf7775ad6dfe4c681424b2e20479c1e54dc3c1",
                "sha256:20b6ed4a8112342b433b9b3ca23b59322d07e32a9232d3cca19b0353e213eadb",
                "sha256:30790a1a496a8a84fe300edf50df50454dbdb625b41b203739fbc03112a4d3b6",
                "sha256:56b67887930df87c28af2cc4d046c6bc3e80ed4ff3e57208a4fb7a348d12a580",
                "sha256:650fbead603bd7e73a61fd2c1b69202ad7a8eb70d4ebe7c5484b8788e828b6e0",
                "sha256:713adad69c108dbdc145276d077c4a80f3df31a39b3fc574782dcb64b1def815",
                "sha256:801f32f6c048de7e9f6d406342080e6348d0bb02beb1412811f9150a26661691",
                "sha256:8833246f1c8b95143c91e310728bf64af8972a9d8653252efa1b4c9036837569",
                "sha256:93cb9d184115a8890321dd7f5d94a0d8235dc2fca54d92a9c1c051234a7af43e",
                "sha256:abe0d00cbb2cc831f4462e41f97aeb754b275a723a1335cdce7ac9224001d567",
                "sha256:bad16bcc608ec4d74c680d85aa9bf43cfc776ac12ca3b7e699d7283fd0177bca",
                "sha256:ce81d6b2372057e10f9d7cb505942df67a803f270d69959d44d372e8e3792bb9",
                "sha256:f19a36cdfdbef75109f505313c16a7b154b9bbf83dd177e9ddd43430dc523bb0"
            ],
            "version": "==7.3.1"
        },
        "threadpoolctl": {
            "hashes": [
                "sha256:38b74ca20ff3bb42caca8b00055111d74159ee95c4370882bbff2b93d24da725",
                "sha256:ddc57c96a38beb63db45d6c159b5ab07b6bced12c45a1f07b2b92f272aebfa6b"
            ],
            "version": "==2.1.0"
        },
        "tqdm": {
            "hashes": [
                "sha256:556c55b081bd9aa746d34125d024b73f0e2a0e62d5927ff0e400e20ee0a03b9a",
                "sha256:b8b46036fd00176d0870307123ef06bb851096964fa7fc578d789f90ce82c3e4"
            ],
            "version": "==4.55.1"
        },
        "typing-extensions": {
            "hashes": [
                "sha256:7cb407020f00f7bfc3cb3e7881628838e69d8f3fcab2f64742a5e76b2f841918",
                "sha256:99d4073b617d30288f569d3f13d2bd7548c3a7e4c8de87db09a9d29bb3a4a60c",
                "sha256:dafc7639cde7f1b6e1acc0f457842a83e722ccca8eef5270af2d74792619a89f"
            ],
            "markers": "python_version < '3.8'",
            "version": "==3.7.4.3"
        },
        "tzlocal": {
            "hashes": [
                "sha256:643c97c5294aedc737780a49d9df30889321cbe1204eac2c2ec6134035a92e44",
                "sha256:e2cb6c6b5b604af38597403e9852872d7f534962ae2954c7f35efcb1ccacf4a4"
            ],
            "version": "==2.1"
        },
        "urllib3": {
            "hashes": [
                "sha256:19188f96923873c92ccb987120ec4acaa12f0461fa9ce5d3d0772bc965a39e08",
                "sha256:d8ff90d979214d7b4f8ce956e80f4028fc6860e4431f731ea4a8c08f23f99473"
            ],
            "version": "==1.26.2"
        },
        "wasabi": {
            "hashes": [
                "sha256:75fec6db6193c8615d7f398ae4aa2c4ad294e6e3e81c6a6dbbbd3864ee2223c3",
                "sha256:98bc9c492c6aa8628303a02961a5cfa7b0c7fa6d2b397abdeb0adc4b39397c49"
            ],
            "version": "==0.8.0"
        },
        "zipp": {
            "hashes": [
                "sha256:102c24ef8f171fd729d46599845e95c7ab894a4cf45f5de11a44cc7444fb1108",
                "sha256:ed5eee1974372595f9e416cc7bbeeb12335201d8081ca8a0743c954d4446e5cb"
            ],
            "version": "==3.4.0"
        }
    },
    "develop": {}
}
